
Microsoft Visual Studio Solution File, Format Version 12.00
# Visual Studio Version 17
VisualStudioVersion = 17.1.32319.34
MinimumVisualStudioVersion = 10.0.40219.1
Project("{FAE04EC0-301F-11D3-BF4B-00C04F79EFBC}") = "ProducerConsumer", "ProducerConsumer\ProducerConsumer.csproj", "{40915FF0-E34B-4A56-9668-3C94F4DDD414}"
EndProject
Project("{FAE04EC0-301F-11D3-BF4B-00C04F79EFBC}") = "ProducerConsumerTest", "ProducerConsumerTest\ProducerConsumerTest.csproj", "{4EEC228C-3FB0-4D3E-814A-7E5D72F1FA0F}"
EndProject
Global
	GlobalSection(SolutionConfigurationPlatforms) = preSolution
		Debug|Any CPU = Debug|Any CPU
		Release|Any CPU = Release|Any CPU
	EndGlobalSection
	GlobalSection(ProjectConfigurationPlatforms) = postSolution
		{40915FF0-E34B-4A56-9668-3C94F4DDD414}.Debug|Any CPU.ActiveCfg = Debug|Any CPU
		{40915FF0-E34B-4A56-9668-3C94F4DDD414}.Debug|Any CPU.Build.0 = Debug|Any CPU
		{40915FF0-E34B-4A56-9668-3C94F4DDD414}.Release|Any CPU.ActiveCfg = Release|Any CPU
		{40915FF0-E34B-4A56-9668-3C94F4DDD414}.Release|Any CPU.Build.0 = Release|Any CPU
		{4EEC228C-3FB0-4D3E-814A-7E5D72F1FA0F}.Debug|Any CPU.ActiveCfg = Debug|Any CPU
		{4EEC228C-3FB0-4D3E-814A-7E5D72F1FA0F}.Debug|Any CPU.Build.0 = Debug|Any CPU
		{4EEC228C-3FB0-4D3E-814A-7E5D72F1FA0F}.Release|Any CPU.ActiveCfg = Release|Any CPU
		{4EEC228C-3FB0-4D3E-814A-7E5D72F1FA0F}.Release|Any CPU.Build.0 = Release|Any CPU
	EndGlobalSection
	GlobalSection(SolutionProperties) = preSolution
		HideSolutionNode = FALSE
	EndGlobalSection
	GlobalSection(ExtensibilityGlobals) = postSolution
		SolutionGuid = {8F6383B0-B127-4708-897E-2C5C1D920621}
	EndGlobalSection
EndGlobal
