
Microsoft Visual Studio Solution File, Format Version 12.00
# Visual Studio Version 17
VisualStudioVersion = 17.1.32210.238
MinimumVisualStudioVersion = 10.0.40219.1
Project("{FAE04EC0-301F-11D3-BF4B-00C04F79EFBC}") = "Task1_Sync", "Task1_Sync.csproj", "{80AF02F2-0FE1-426A-A377-13C85E338C28}"
EndProject
Global
	GlobalSection(SolutionConfigurationPlatforms) = preSolution
		Debug|Any CPU = Debug|Any CPU
		Release|Any CPU = Release|Any CPU
	EndGlobalSection
	GlobalSection(ProjectConfigurationPlatforms) = postSolution
		{80AF02F2-0FE1-426A-A377-13C85E338C28}.Debug|Any CPU.ActiveCfg = Debug|Any CPU
		{80AF02F2-0FE1-426A-A377-13C85E338C28}.Debug|Any CPU.Build.0 = Debug|Any CPU
		{80AF02F2-0FE1-426A-A377-13C85E338C28}.Release|Any CPU.ActiveCfg = Release|Any CPU
		{80AF02F2-0FE1-426A-A377-13C85E338C28}.Release|Any CPU.Build.0 = Release|Any CPU
	EndGlobalSection
	GlobalSection(SolutionProperties) = preSolution
		HideSolutionNode = FALSE
	EndGlobalSection
	GlobalSection(ExtensibilityGlobals) = postSolution
		SolutionGuid = {771505CE-1195-48F4-8F80-3C8511ABE2EE}
	EndGlobalSection
EndGlobal
